// !$*UTF8*$!
{
	archiveVersion = 1;
	classes = {
	};
	objectVersion = 50;
	objects = {

/* Begin PBXBuildFile section */
		900BD532248EAD8700E15B89 /* AppDelegate.swift in Sources */ = {isa = PBXBuildFile; fileRef = 900BD531248EAD8700E15B89 /* AppDelegate.swift */; };
		900BD534248EAD8700E15B89 /* SceneDelegate.swift in Sources */ = {isa = PBXBuildFile; fileRef = 900BD533248EAD8700E15B89 /* SceneDelegate.swift */; };
		900BD536248EAD8700E15B89 /* ViewController.swift in Sources */ = {isa = PBXBuildFile; fileRef = 900BD535248EAD8700E15B89 /* ViewController.swift */; };
		900BD539248EAD8700E15B89 /* Main.storyboard in Resources */ = {isa = PBXBuildFile; fileRef = 900BD537248EAD8700E15B89 /* Main.storyboard */; };
		900BD53B248EAD8C00E15B89 /* Assets.xcassets in Resources */ = {isa = PBXBuildFile; fileRef = 900BD53A248EAD8C00E15B89 /* Assets.xcassets */; };
		900BD53E248EAD8C00E15B89 /* LaunchScreen.storyboard in Resources */ = {isa = PBXBuildFile; fileRef = 900BD53C248EAD8C00E15B89 /* LaunchScreen.storyboard */; };
		900BD549248EAD8C00E15B89 /* NBTests.swift in Sources */ = {isa = PBXBuildFile; fileRef = 900BD548248EAD8C00E15B89 /* NBTests.swift */; };
		900BD554248EAD8C00E15B89 /* NBUITests.swift in Sources */ = {isa = PBXBuildFile; fileRef = 900BD553248EAD8C00E15B89 /* NBUITests.swift */; };
		902D135224E60A9C00B864D8 /* AffirmationsViewController.swift in Sources */ = {isa = PBXBuildFile; fileRef = 902D135124E60A9C00B864D8 /* AffirmationsViewController.swift */; };
		908AD17424958966007816E9 /* TarotViewController.swift in Sources */ = {isa = PBXBuildFile; fileRef = 908AD17324958966007816E9 /* TarotViewController.swift */; };
/* End PBXBuildFile section */

/* Begin PBXContainerItemProxy section */
		900BD545248EAD8C00E15B89 /* PBXContainerItemProxy */ = {
			isa = PBXContainerItemProxy;
			containerPortal = 900BD526248EAD8700E15B89 /* Project object */;
			proxyType = 1;
			remoteGlobalIDString = 900BD52D248EAD8700E15B89;
			remoteInfo = NB;
		};
		900BD550248EAD8C00E15B89 /* PBXContainerItemProxy */ = {
			isa = PBXContainerItemProxy;
			containerPortal = 900BD526248EAD8700E15B89 /* Project object */;
			proxyType = 1;
			remoteGlobalIDString = 900BD52D248EAD8700E15B89;
			remoteInfo = NB;
		};
/* End PBXContainerItemProxy section */

/* Begin PBXFileReference section */
		900BD52E248EAD8700E15B89 /* NB.app */ = {isa = PBXFileReference; explicitFileType = wrapper.application; includeInIndex = 0; path = NB.app; sourceTree = BUILT_PRODUCTS_DIR; };
		900BD531248EAD8700E15B89 /* AppDelegate.swift */ = {isa = PBXFileReference; lastKnownFileType = sourcecode.swift; path = AppDelegate.swift; sourceTree = "<group>"; };
		900BD533248EAD8700E15B89 /* SceneDelegate.swift */ = {isa = PBXFileReference; lastKnownFileType = sourcecode.swift; path = SceneDelegate.swift; sourceTree = "<group>"; };
		900BD535248EAD8700E15B89 /* ViewController.swift */ = {isa = PBXFileReference; lastKnownFileType = sourcecode.swift; path = ViewController.swift; sourceTree = "<group>"; };
		900BD538248EAD8700E15B89 /* Base */ = {isa = PBXFileReference; lastKnownFileType = file.storyboard; name = Base; path = Base.lproj/Main.storyboard; sourceTree = "<group>"; };
		900BD53A248EAD8C00E15B89 /* Assets.xcassets */ = {isa = PBXFileReference; lastKnownFileType = folder.assetcatalog; path = Assets.xcassets; sourceTree = "<group>"; };
		900BD53D248EAD8C00E15B89 /* Base */ = {isa = PBXFileReference; lastKnownFileType = file.storyboard; name = Base; path = Base.lproj/LaunchScreen.storyboard; sourceTree = "<group>"; };
		900BD53F248EAD8C00E15B89 /* Info.plist */ = {isa = PBXFileReference; lastKnownFileType = text.plist.xml; path = Info.plist; sourceTree = "<group>"; };
		900BD544248EAD8C00E15B89 /* NBTests.xctest */ = {isa = PBXFileReference; explicitFileType = wrapper.cfbundle; includeInIndex = 0; path = NBTests.xctest; sourceTree = BUILT_PRODUCTS_DIR; };
		900BD548248EAD8C00E15B89 /* NBTests.swift */ = {isa = PBXFileReference; lastKnownFileType = sourcecode.swift; path = NBTests.swift; sourceTree = "<group>"; };
		900BD54A248EAD8C00E15B89 /* Info.plist */ = {isa = PBXFileReference; lastKnownFileType = text.plist.xml; path = Info.plist; sourceTree = "<group>"; };
		900BD54F248EAD8C00E15B89 /* NBUITests.xctest */ = {isa = PBXFileReference; explicitFileType = wrapper.cfbundle; includeInIndex = 0; path = NBUITests.xctest; sourceTree = BUILT_PRODUCTS_DIR; };
		900BD553248EAD8C00E15B89 /* NBUITests.swift */ = {isa = PBXFileReference; lastKnownFileType = sourcecode.swift; path = NBUITests.swift; sourceTree = "<group>"; };
		900BD555248EAD8C00E15B89 /* Info.plist */ = {isa = PBXFileReference; lastKnownFileType = text.plist.xml; path = Info.plist; sourceTree = "<group>"; };
		902D135124E60A9C00B864D8 /* AffirmationsViewController.swift */ = {isa = PBXFileReference; lastKnownFileType = sourcecode.swift; path = AffirmationsViewController.swift; sourceTree = "<group>"; };
		908AD17324958966007816E9 /* TarotViewController.swift */ = {isa = PBXFileReference; lastKnownFileType = sourcecode.swift; path = TarotViewController.swift; sourceTree = "<group>"; };
/* End PBXFileReference section */

/* Begin PBXFrameworksBuildPhase section */
		900BD52B248EAD8700E15B89 /* Frameworks */ = {
			isa = PBXFrameworksBuildPhase;
			buildActionMask = 2147483647;
			files = (
			);
			runOnlyForDeploymentPostprocessing = 0;
		};
		900BD541248EAD8C00E15B89 /* Frameworks */ = {
			isa = PBXFrameworksBuildPhase;
			buildActionMask = 2147483647;
			files = (
			);
			runOnlyForDeploymentPostprocessing = 0;
		};
		900BD54C248EAD8C00E15B89 /* Frameworks */ = {
			isa = PBXFrameworksBuildPhase;
			buildActionMask = 2147483647;
			files = (
			);
			runOnlyForDeploymentPostprocessing = 0;
		};
/* End PBXFrameworksBuildPhase section */

/* Begin PBXGroup section */
		900BD525248EAD8700E15B89 = {
			isa = PBXGroup;
			children = (
				900BD530248EAD8700E15B89 /* NB */,
				900BD547248EAD8C00E15B89 /* NBTests */,
				900BD552248EAD8C00E15B89 /* NBUITests */,
				900BD52F248EAD8700E15B89 /* Products */,
			);
			sourceTree = "<group>";
		};
		900BD52F248EAD8700E15B89 /* Products */ = {
			isa = PBXGroup;
			children = (
				900BD52E248EAD8700E15B89 /* NB.app */,
				900BD544248EAD8C00E15B89 /* NBTests.xctest */,
				900BD54F248EAD8C00E15B89 /* NBUITests.xctest */,
			);
			name = Products;
			sourceTree = "<group>";
		};
		900BD530248EAD8700E15B89 /* NB */ = {
			isa = PBXGroup;
			children = (
				900BD531248EAD8700E15B89 /* AppDelegate.swift */,
				900BD533248EAD8700E15B89 /* SceneDelegate.swift */,
				900BD535248EAD8700E15B89 /* ViewController.swift */,
				900BD537248EAD8700E15B89 /* Main.storyboard */,
				900BD53A248EAD8C00E15B89 /* Assets.xcassets */,
				900BD53C248EAD8C00E15B89 /* LaunchScreen.storyboard */,
				900BD53F248EAD8C00E15B89 /* Info.plist */,
				908AD17324958966007816E9 /* TarotViewController.swift */,
				902D135124E60A9C00B864D8 /* AffirmationsViewController.swift */,
			);
			path = NB;
			sourceTree = "<group>";
		};
		900BD547248EAD8C00E15B89 /* NBTests */ = {
			isa = PBXGroup;
			children = (
				900BD548248EAD8C00E15B89 /* NBTests.swift */,
				900BD54A248EAD8C00E15B89 /* Info.plist */,
			);
			path = NBTests;
			sourceTree = "<group>";
		};
		900BD552248EAD8C00E15B89 /* NBUITests */ = {
			isa = PBXGroup;
			children = (
				900BD553248EAD8C00E15B89 /* NBUITests.swift */,
				900BD555248EAD8C00E15B89 /* Info.plist */,
			);
			path = NBUITests;
			sourceTree = "<group>";
		};
/* End PBXGroup section */

/* Begin PBXNativeTarget section */
		900BD52D248EAD8700E15B89 /* NB */ = {
			isa = PBXNativeTarget;
			buildConfigurationList = 900BD558248EAD8C00E15B89 /* Build configuration list for PBXNativeTarget "NB" */;
			buildPhases = (
				900BD52A248EAD8700E15B89 /* Sources */,
				900BD52B248EAD8700E15B89 /* Frameworks */,
				900BD52C248EAD8700E15B89 /* Resources */,
			);
			buildRules = (
			);
			dependencies = (
			);
			name = NB;
			productName = NB;
			productReference = 900BD52E248EAD8700E15B89 /* NB.app */;
			productType = "com.apple.product-type.application";
		};
		900BD543248EAD8C00E15B89 /* NBTests */ = {
			isa = PBXNativeTarget;
			buildConfigurationList = 900BD55B248EAD8C00E15B89 /* Build configuration list for PBXNativeTarget "NBTests" */;
			buildPhases = (
				900BD540248EAD8C00E15B89 /* Sources */,
				900BD541248EAD8C00E15B89 /* Frameworks */,
				900BD542248EAD8C00E15B89 /* Resources */,
			);
			buildRules = (
			);
			dependencies = (
				900BD546248EAD8C00E15B89 /* PBXTargetDependency */,
			);
			name = NBTests;
			productName = NBTests;
			productReference = 900BD544248EAD8C00E15B89 /* NBTests.xctest */;
			productType = "com.apple.product-type.bundle.unit-test";
		};
		900BD54E248EAD8C00E15B89 /* NBUITests */ = {
			isa = PBXNativeTarget;
			buildConfigurationList = 900BD55E248EAD8C00E15B89 /* Build configuration list for PBXNativeTarget "NBUITests" */;
			buildPhases = (
				900BD54B248EAD8C00E15B89 /* Sources */,
				900BD54C248EAD8C00E15B89 /* Frameworks */,
				900BD54D248EAD8C00E15B89 /* Resources */,
			);
			buildRules = (
			);
			dependencies = (
				900BD551248EAD8C00E15B89 /* PBXTargetDependency */,
			);
			name = NBUITests;
			productName = NBUITests;
			productReference = 900BD54F248EAD8C00E15B89 /* NBUITests.xctest */;
			productType = "com.apple.product-type.bundle.ui-testing";
		};
/* End PBXNativeTarget section */

/* Begin PBXProject section */
		900BD526248EAD8700E15B89 /* Project object */ = {
			isa = PBXProject;
			attributes = {
				LastSwiftUpdateCheck = 1150;
				LastUpgradeCheck = 1150;
				ORGANIZATIONNAME = "Necessary Behavior";
				TargetAttributes = {
					900BD52D248EAD8700E15B89 = {
						CreatedOnToolsVersion = 11.5;
					};
					900BD543248EAD8C00E15B89 = {
						CreatedOnToolsVersion = 11.5;
						TestTargetID = 900BD52D248EAD8700E15B89;
					};
					900BD54E248EAD8C00E15B89 = {
						CreatedOnToolsVersion = 11.5;
						TestTargetID = 900BD52D248EAD8700E15B89;
					};
				};
			};
			buildConfigurationList = 900BD529248EAD8700E15B89 /* Build configuration list for PBXProject "NB" */;
			compatibilityVersion = "Xcode 9.3";
			developmentRegion = en;
			hasScannedForEncodings = 0;
			knownRegions = (
				en,
				Base,
			);
			mainGroup = 900BD525248EAD8700E15B89;
			productRefGroup = 900BD52F248EAD8700E15B89 /* Products */;
			projectDirPath = "";
			projectRoot = "";
			targets = (
				900BD52D248EAD8700E15B89 /* NB */,
				900BD543248EAD8C00E15B89 /* NBTests */,
				900BD54E248EAD8C00E15B89 /* NBUITests */,
			);
		};
/* End PBXProject section */

/* Begin PBXResourcesBuildPhase section */
		900BD52C248EAD8700E15B89 /* Resources */ = {
			isa = PBXResourcesBuildPhase;
			buildActionMask = 2147483647;
			files = (
				900BD53E248EAD8C00E15B89 /* LaunchScreen.storyboard in Resources */,
				900BD53B248EAD8C00E15B89 /* Assets.xcassets in Resources */,
				900BD539248EAD8700E15B89 /* Main.storyboard in Resources */,
			);
			runOnlyForDeploymentPostprocessing = 0;
		};
		900BD542248EAD8C00E15B89 /* Resources */ = {
			isa = PBXResourcesBuildPhase;
			buildActionMask = 2147483647;
			files = (
			);
			runOnlyForDeploymentPostprocessing = 0;
		};
		900BD54D248EAD8C00E15B89 /* Resources */ = {
			isa = PBXResourcesBuildPhase;
			buildActionMask = 2147483647;
			files = (
			);
			runOnlyForDeploymentPostprocessing = 0;
		};
/* End PBXResourcesBuildPhase section */

/* Begin PBXSourcesBuildPhase section */
		900BD52A248EAD8700E15B89 /* Sources */ = {
			isa = PBXSourcesBuildPhase;
			buildActionMask = 2147483647;
			files = (
				900BD536248EAD8700E15B89 /* ViewController.swift in Sources */,
				908AD17424958966007816E9 /* TarotViewController.swift in Sources */,
				900BD532248EAD8700E15B89 /* AppDelegate.swift in Sources */,
				902D135224E60A9C00B864D8 /* AffirmationsViewController.swift in Sources */,
				900BD534248EAD8700E15B89 /* SceneDelegate.swift in Sources */,
			);
			runOnlyForDeploymentPostprocessing = 0;
		};
		900BD540248EAD8C00E15B89 /* Sources */ = {
			isa = PBXSourcesBuildPhase;
			buildActionMask = 2147483647;
			files = (
				900BD549248EAD8C00E15B89 /* NBTests.swift in Sources */,
			);
			runOnlyForDeploymentPostprocessing = 0;
		};
		900BD54B248EAD8C00E15B89 /* Sources */ = {
			isa = PBXSourcesBuildPhase;
			buildActionMask = 2147483647;
			files = (
				900BD554248EAD8C00E15B89 /* NBUITests.swift in Sources */,
			);
			runOnlyForDeploymentPostprocessing = 0;
		};
/* End PBXSourcesBuildPhase section */

/* Begin PBXTargetDependency section */
		900BD546248EAD8C00E15B89 /* PBXTargetDependency */ = {
			isa = PBXTargetDependency;
			target = 900BD52D248EAD8700E15B89 /* NB */;
			targetProxy = 900BD545248EAD8C00E15B89 /* PBXContainerItemProxy */;
		};
		900BD551248EAD8C00E15B89 /* PBXTargetDependency */ = {
			isa = PBXTargetDependency;
			target = 900BD52D248EAD8700E15B89 /* NB */;
			targetProxy = 900BD550248EAD8C00E15B89 /* PBXContainerItemProxy */;
		};
/* End PBXTargetDependency section */

/* Begin PBXVariantGroup section */
		900BD537248EAD8700E15B89 /* Main.storyboard */ = {
			isa = PBXVariantGroup;
			children = (
				900BD538248EAD8700E15B89 /* Base */,
			);
			name = Main.storyboard;
			sourceTree = "<group>";
		};
		900BD53C248EAD8C00E15B89 /* LaunchScreen.storyboard */ = {
			isa = PBXVariantGroup;
			children = (
				900BD53D248EAD8C00E15B89 /* Base */,
			);
			name = LaunchScreen.storyboard;
			sourceTree = "<group>";
		};
/* End PBXVariantGroup section */

/* Begin XCBuildConfiguration section */
		900BD556248EAD8C00E15B89 /* Debug */ = {
			isa = XCBuildConfiguration;
			buildSettings = {
				ALWAYS_SEARCH_USER_PATHS = NO;
				CLANG_ANALYZER_NONNULL = YES;
				CLANG_ANALYZER_NUMBER_OBJECT_CONVERSION = YES_AGGRESSIVE;
				CLANG_CXX_LANGUAGE_STANDARD = "gnu++14";
				CLANG_CXX_LIBRARY = "libc++";
				CLANG_ENABLE_MODULES = YES;
				CLANG_ENABLE_OBJC_ARC = YES;
				CLANG_ENABLE_OBJC_WEAK = YES;
				CLANG_WARN_BLOCK_CAPTURE_AUTORELEASING = YES;
				CLANG_WARN_BOOL_CONVERSION = YES;
				CLANG_WARN_COMMA = YES;
				CLANG_WARN_CONSTANT_CONVERSION = YES;
				CLANG_WARN_DEPRECATED_OBJC_IMPLEMENTATIONS = YES;
				CLANG_WARN_DIRECT_OBJC_ISA_USAGE = YES_ERROR;
				CLANG_WARN_DOCUMENTATION_COMMENTS = YES;
				CLANG_WARN_EMPTY_BODY = YES;
				CLANG_WARN_ENUM_CONVERSION = YES;
				CLANG_WARN_INFINITE_RECURSION = YES;
				CLANG_WARN_INT_CONVERSION = YES;
				CLANG_WARN_NON_LITERAL_NULL_CONVERSION = YES;
				CLANG_WARN_OBJC_IMPLICIT_RETAIN_SELF = YES;
				CLANG_WARN_OBJC_LITERAL_CONVERSION = YES;
				CLANG_WARN_OBJC_ROOT_CLASS = YES_ERROR;
				CLANG_WARN_RANGE_LOOP_ANALYSIS = YES;
				CLANG_WARN_STRICT_PROTOTYPES = YES;
				CLANG_WARN_SUSPICIOUS_MOVE = YES;
				CLANG_WARN_UNGUARDED_AVAILABILITY = YES_AGGRESSIVE;
				CLANG_WARN_UNREACHABLE_CODE = YES;
				CLANG_WARN__DUPLICATE_METHOD_MATCH = YES;
				COPY_PHASE_STRIP = NO;
				DEBUG_INFORMATION_FORMAT = dwarf;
				ENABLE_STRICT_OBJC_MSGSEND = YES;
				ENABLE_TESTABILITY = YES;
				GCC_C_LANGUAGE_STANDARD = gnu11;
				GCC_DYNAMIC_NO_PIC = NO;
				GCC_NO_COMMON_BLOCKS = YES;
				GCC_OPTIMIZATION_LEVEL = 0;
				GCC_PREPROCESSOR_DEFINITIONS = (
					"DEBUG=1",
					"$(inherited)",
				);
				GCC_WARN_64_TO_32_BIT_CONVERSION = YES;
				GCC_WARN_ABOUT_RETURN_TYPE = YES_ERROR;
				GCC_WARN_UNDECLARED_SELECTOR = YES;
				GCC_WARN_UNINITIALIZED_AUTOS = YES_AGGRESSIVE;
				GCC_WARN_UNUSED_FUNCTION = YES;
				GCC_WARN_UNUSED_VARIABLE = YES;
				IPHONEOS_DEPLOYMENT_TARGET = 13.5;
				MTL_ENABLE_DEBUG_INFO = INCLUDE_SOURCE;
				MTL_FAST_MATH = YES;
				ONLY_ACTIVE_ARCH = YES;
				SDKROOT = iphoneos;
				SWIFT_ACTIVE_COMPILATION_CONDITIONS = DEBUG;
				SWIFT_OPTIMIZATION_LEVEL = "-Onone";
			};
			name = Debug;
		};
		900BD557248EAD8C00E15B89 /* Release */ = {
			isa = XCBuildConfiguration;
			buildSettings = {
				ALWAYS_SEARCH_USER_PATHS = NO;
				CLANG_ANALYZER_NONNULL = YES;
				CLANG_ANALYZER_NUMBER_OBJECT_CONVERSION = YES_AGGRESSIVE;
				CLANG_CXX_LANGUAGE_STANDARD = "gnu++14";
				CLANG_CXX_LIBRARY = "libc++";
				CLANG_ENABLE_MODULES = YES;
				CLANG_ENABLE_OBJC_ARC = YES;
				CLANG_ENABLE_OBJC_WEAK = YES;
				CLANG_WARN_BLOCK_CAPTURE_AUTORELEASING = YES;
				CLANG_WARN_BOOL_CONVERSION = YES;
				CLANG_WARN_COMMA = YES;
				CLANG_WARN_CONSTANT_CONVERSION = YES;
				CLANG_WARN_DEPRECATED_OBJC_IMPLEMENTATIONS = YES;
				CLANG_WARN_DIRECT_OBJC_ISA_USAGE = YES_ERROR;
				CLANG_WARN_DOCUMENTATION_COMMENTS = YES;
				CLANG_WARN_EMPTY_BODY = YES;
				CLANG_WARN_ENUM_CONVERSION = YES;
				CLANG_WARN_INFINITE_RECURSION = YES;
				CLANG_WARN_INT_CONVERSION = YES;
				CLANG_WARN_NON_LITERAL_NULL_CONVERSION = YES;
				CLANG_WARN_OBJC_IMPLICIT_RETAIN_SELF = YES;
				CLANG_WARN_OBJC_LITERAL_CONVERSION = YES;
				CLANG_WARN_OBJC_ROOT_CLASS = YES_ERROR;
				CLANG_WARN_RANGE_LOOP_ANALYSIS = YES;
				CLANG_WARN_STRICT_PROTOTYPES = YES;
				CLANG_WARN_SUSPICIOUS_MOVE = YES;
				CLANG_WARN_UNGUARDED_AVAILABILITY = YES_AGGRESSIVE;
				CLANG_WARN_UNREACHABLE_CODE = YES;
				CLANG_WARN__DUPLICATE_METHOD_MATCH = YES;
				COPY_PHASE_STRIP = NO;
				DEBUG_INFORMATION_FORMAT = "dwarf-with-dsym";
				ENABLE_NS_ASSERTIONS = NO;
				ENABLE_STRICT_OBJC_MSGSEND = YES;
				GCC_C_LANGUAGE_STANDARD = gnu11;
				GCC_NO_COMMON_BLOCKS = YES;
				GCC_WARN_64_TO_32_BIT_CONVERSION = YES;
				GCC_WARN_ABOUT_RETURN_TYPE = YES_ERROR;
				GCC_WARN_UNDECLARED_SELECTOR = YES;
				GCC_WARN_UNINITIALIZED_AUTOS = YES_AGGRESSIVE;
				GCC_WARN_UNUSED_FUNCTION = YES;
				GCC_WARN_UNUSED_VARIABLE = YES;
				IPHONEOS_DEPLOYMENT_TARGET = 13.5;
				MTL_ENABLE_DEBUG_INFO = NO;
				MTL_FAST_MATH = YES;
				SDKROOT = iphoneos;
				SWIFT_COMPILATION_MODE = wholemodule;
				SWIFT_OPTIMIZATION_LEVEL = "-O";
				VALIDATE_PRODUCT = YES;
			};
			name = Release;
		};
		900BD559248EAD8C00E15B89 /* Debug */ = {
			isa = XCBuildConfiguration;
			buildSettings = {
				ASSETCATALOG_COMPILER_APPICON_NAME = AppIcon;
				CODE_SIGN_STYLE = Automatic;
				DEVELOPMENT_TEAM = SH67C366KP;
				INFOPLIST_FILE = NB/Info.plist;
				LD_RUNPATH_SEARCH_PATHS = (
					"$(inherited)",
					"@executable_path/Frameworks",
				);
				PRODUCT_BUNDLE_IDENTIFIER = NecessaryBehavior;
				PRODUCT_NAME = "$(TARGET_NAME)";
				SWIFT_VERSION = 5.0;
				TARGETED_DEVICE_FAMILY = "1,2";
			};
			name = Debug;
		};
		900BD55A248EAD8C00E15B89 /* Release */ = {
			isa = XCBuildConfiguration;
			buildSettings = {
				ASSETCATALOG_COMPILER_APPICON_NAME = AppIcon;
				CODE_SIGN_STYLE = Automatic;
				DEVELOPMENT_TEAM = SH67C366KP;
				INFOPLIST_FILE = NB/Info.plist;
				LD_RUNPATH_SEARCH_PATHS = (
					"$(inherited)",
					"@executable_path/Frameworks",
				);
				PRODUCT_BUNDLE_IDENTIFIER = NecessaryBehavior;
				PRODUCT_NAME = "$(TARGET_NAME)";
				SWIFT_VERSION = 5.0;
				TARGETED_DEVICE_FAMILY = "1,2";
			};
			name = Release;
		};
		900BD55C248EAD8C00E15B89 /* Debug */ = {
			isa = XCBuildConfiguration;
			buildSettings = {
				ALWAYS_EMBED_SWIFT_STANDARD_LIBRARIES = YES;
				BUNDLE_LOADER = "$(TEST_HOST)";
				CODE_SIGN_STYLE = Automatic;
				INFOPLIST_FILE = NBTests/Info.plist;
				IPHONEOS_DEPLOYMENT_TARGET = 13.5;
				LD_RUNPATH_SEARCH_PATHS = (
					"$(inherited)",
					"@executable_path/Frameworks",
					"@loader_path/Frameworks",
				);
				PRODUCT_BUNDLE_IDENTIFIER = "Necessary-Behavior.NBTests";
				PRODUCT_NAME = "$(TARGET_NAME)";
				SWIFT_VERSION = 5.0;
				TARGETED_DEVICE_FAMILY = "1,2";
				TEST_HOST = "$(BUILT_PRODUCTS_DIR)/NB.app/NB";
			};
			name = Debug;
		};
		900BD55D248EAD8C00E15B89 /* Release */ = {
			isa = XCBuildConfiguration;
			buildSettings = {
				ALWAYS_EMBED_SWIFT_STANDARD_LIBRARIES = YES;
				BUNDLE_LOADER = "$(TEST_HOST)";
				CODE_SIGN_STYLE = Automatic;
				INFOPLIST_FILE = NBTests/Info.plist;
				IPHONEOS_DEPLOYMENT_TARGET = 13.5;
				LD_RUNPATH_SEARCH_PATHS = (
					"$(inherited)",
					"@executable_path/Frameworks",
					"@loader_path/Frameworks",
				);
				PRODUCT_BUNDLE_IDENTIFIER = "Necessary-Behavior.NBTests";
				PRODUCT_NAME = "$(TARGET_NAME)";
				SWIFT_VERSION = 5.0;
				TARGETED_DEVICE_FAMILY = "1,2";
				TEST_HOST = "$(BUILT_PRODUCTS_DIR)/NB.app/NB";
			};
			name = Release;
		};
		900BD55F248EAD8C00E15B89 /* Debug */ = {
			isa = XCBuildConfiguration;
			buildSettings = {
				ALWAYS_EMBED_SWIFT_STANDARD_LIBRARIES = YES;
				CODE_SIGN_STYLE = Automatic;
				INFOPLIST_FILE = NBUITests/Info.plist;
				LD_RUNPATH_SEARCH_PATHS = (
					"$(inherited)",
					"@executable_path/Frameworks",
					"@loader_path/Frameworks",
				);
				PRODUCT_BUNDLE_IDENTIFIER = "Necessary-Behavior.NBUITests";
				PRODUCT_NAME = "$(TARGET_NAME)";
				SWIFT_VERSION = 5.0;
				TARGETED_DEVICE_FAMILY = "1,2";
				TEST_TARGET_NAME = NB;
			};
			name = Debug;
		};
		900BD560248EAD8C00E15B89 /* Release */ = {
			isa = XCBuildConfiguration;
			buildSettings = {
				ALWAYS_EMBED_SWIFT_STANDARD_LIBRARIES = YES;
				CODE_SIGN_STYLE = Automatic;
				INFOPLIST_FILE = NBUITests/Info.plist;
				LD_RUNPATH_SEARCH_PATHS = (
					"$(inherited)",
					"@executable_path/Frameworks",
					"@loader_path/Frameworks",
				);
				PRODUCT_BUNDLE_IDENTIFIER = "Necessary-Behavior.NBUITests";
				PRODUCT_NAME = "$(TARGET_NAME)";
				SWIFT_VERSION = 5.0;
				TARGETED_DEVICE_FAMILY = "1,2";
				TEST_TARGET_NAME = NB;
			};
			name = Release;
		};
/* End XCBuildConfiguration section */

/* Begin XCConfigurationList section */
		900BD529248EAD8700E15B89 /* Build configuration list for PBXProject "NB" */ = {
			isa = XCConfigurationList;
			buildConfigurations = (
				900BD556248EAD8C00E15B89 /* Debug */,
				900BD557248EAD8C00E15B89 /* Release */,
			);
			defaultConfigurationIsVisible = 0;
			defaultConfigurationName = Release;
		};
		900BD558248EAD8C00E15B89 /* Build configuration list for PBXNativeTarget "NB" */ = {
			isa = XCConfigurationList;
			buildConfigurations = (
				900BD559248EAD8C00E15B89 /* Debug */,
				900BD55A248EAD8C00E15B89 /* Release */,
			);
			defaultConfigurationIsVisible = 0;
			defaultConfigurationName = Release;
		};
		900BD55B248EAD8C00E15B89 /* Build configuration list for PBXNativeTarget "NBTests" */ = {
			isa = XCConfigurationList;
			buildConfigurations = (
				900BD55C248EAD8C00E15B89 /* Debug */,
				900BD55D248EAD8C00E15B89 /* Release */,
			);
			defaultConfigurationIsVisible = 0;
			defaultConfigurationName = Release;
		};
		900BD55E248EAD8C00E15B89 /* Build configuration list for PBXNativeTarget "NBUITests" */ = {
			isa = XCConfigurationList;
			buildConfigurations = (
				900BD55F248EAD8C00E15B89 /* Debug */,
				900BD560248EAD8C00E15B89 /* Release */,
			);
			defaultConfigurationIsVisible = 0;
			defaultConfigurationName = Release;
		};
/* End XCConfigurationList section */
	};
	rootObject = 900BD526248EAD8700E15B89 /* Project object */;
}
